PODS:
  - camera_avfoundation (0.0.1):
    - Flutter
  - Flutter (1.0.0)
  - flutter_local_notifications (0.0.1):
    - Flutter
  - flutter_native_splash (0.0.1):
    - Flutter
  - location (0.0.1):
    - Flutter
  - notification_permissions (0.4.4):
    - Flutter
  - path_provider_foundation (0.0.1):
    - Flutter
    - FlutterMacOS
  - permission_handler_apple (9.0.4):
    - Flutter
  - shared_preferences_foundation (0.0.1):
    - Flutter
    - FlutterMacOS

DEPENDENCIES:
  - camera_avfoundation (from `.symlinks/plugins/camera_avfoundation/ios`)
  - Flutter (from `Flutter`)
  - flutter_local_notifications (from `.symlinks/plugins/flutter_local_notifications/ios`)
  - flutter_native_splash (from `.symlinks/plugins/flutter_native_splash/ios`)
  - location (from `.symlinks/plugins/location/ios`)
  - notification_permissions (from `.symlinks/plugins/notification_permissions/ios`)
  - path_provider_foundation (from `.symlinks/plugins/path_provider_foundation/darwin`)
  - permission_handler_apple (from `.symlinks/plugins/permission_handler_apple/ios`)
  - shared_preferences_foundation (from `.symlinks/plugins/shared_preferences_foundation/darwin`)

EXTERNAL SOURCES:
  camera_avfoundation:
    :path: ".symlinks/plugins/camera_avfoundation/ios"
  Flutter:
    :path: Flutter
  flutter_local_notifications:
    :path: ".symlinks/plugins/flutter_local_notifications/ios"
  flutter_native_splash:
    :path: ".symlinks/plugins/flutter_native_splash/ios"
  location:
    :path: ".symlinks/plugins/location/ios"
  notification_permissions:
    :path: ".symlinks/plugins/notification_permissions/ios"
  path_provider_foundation:
    :path: ".symlinks/plugins/path_provider_foundation/darwin"
  permission_handler_apple:
    :path: ".symlinks/plugins/permission_handler_apple/ios"
  shared_preferences_foundation:
    :path: ".symlinks/plugins/shared_preferences_foundation/darwin"

SPEC CHECKSUMS:
  camera_avfoundation: 3125e8cd1a4387f6f31c6c63abb8a55892a9eeeb
  Flutter: f04841e97a9d0b0a8025694d0796dd46242b2854
  flutter_local_notifications: 0c0b1ae97e741e1521e4c1629a459d04b9aec743
  flutter_native_splash: 52501b97d1c0a5f898d687f1646226c1f93c56ef
  location: 3a2eed4dd2fab25e7b7baf2a9efefe82b512d740
  notification_permissions: 825ea1bf2a52ab585c53fd7b5e8e96876d735d4b
  path_provider_foundation: eaf5b3e458fc0e5fbb9940fb09980e853fe058b8
  permission_handler_apple: 44366e37eaf29454a1e7b1b7d736c2cceaeb17ce
  shared_preferences_foundation: 986fc17f3d3251412d18b0265f9c64113a8c2472

PODFILE CHECKSUM: f4c3fb48c16764ab88195b9e80e9a3f085516315

COCOAPODS: 1.12.1
